
Microsoft Visual Studio Solution File, Format Version 12.00
Project("{2150E333-8FDC-42A3-9474-1A3956D46DE8}") = "src", "src", "{34C3460A-5CE8-4976-A66A-561CB316F73A}"
EndProject
Project("{FAE04EC0-301F-11D3-BF4B-00C04F79EFBC}") = "BS.Domain", "src\BS.Domain\BS.Domain.csproj", "{0537D746-B3A8-462D-8FB9-A4DFAC78591E}"
EndProject
Global
	GlobalSection(SolutionConfigurationPlatforms) = preSolution
		Debug|Any CPU = Debug|Any CPU
		Release|Any CPU = Release|Any CPU
	EndGlobalSection
	GlobalSection(NestedProjects) = preSolution
		{0537D746-B3A8-462D-8FB9-A4DFAC78591E} = {34C3460A-5CE8-4976-A66A-561CB316F73A}
	EndGlobalSection
	GlobalSection(ProjectConfigurationPlatforms) = postSolution
		{0537D746-B3A8-462D-8FB9-A4DFAC78591E}.Debug|Any CPU.ActiveCfg = Debug|Any CPU
		{0537D746-B3A8-462D-8FB9-A4DFAC78591E}.Debug|Any CPU.Build.0 = Debug|Any CPU
		{0537D746-B3A8-462D-8FB9-A4DFAC78591E}.Release|Any CPU.ActiveCfg = Release|Any CPU
		{0537D746-B3A8-462D-8FB9-A4DFAC78591E}.Release|Any CPU.Build.0 = Release|Any CPU
	EndGlobalSection
EndGlobal
