
Microsoft Visual Studio Solution File, Format Version 12.00
Project("{2150E333-8FDC-42A3-9474-1A3956D46DE8}") = "src", "src", "{34C3460A-5CE8-4976-A66A-561CB316F73A}"
EndProject
Project("{FAE04EC0-301F-11D3-BF4B-00C04F79EFBC}") = "BS.Domain", "src\BS.Domain\BS.Domain.csproj", "{0537D746-B3A8-462D-8FB9-A4DFAC78591E}"
EndProject
Project("{2150E333-8FDC-42A3-9474-1A3956D46DE8}") = "Domain", "Domain", "{2CE32663-2DB0-4202-B026-0EBCA604F9A8}"
EndProject
Project("{2150E333-8FDC-42A3-9474-1A3956D46DE8}") = "CrossCutting", "CrossCutting", "{F514ABC8-5E1B-475D-B76B-FA95B7A45BAE}"
EndProject
Project("{FAE04EC0-301F-11D3-BF4B-00C04F79EFBC}") = "BS.CrossCutting", "src\BS.CrossCutting\BS.CrossCutting.csproj", "{B0197336-2C9A-4100-B1F8-3DFB6D8C9914}"
EndProject
Project("{2150E333-8FDC-42A3-9474-1A3956D46DE8}") = "Stock", "Stock", "{1254C56E-FD8B-424D-9FC3-D91A42329BB6}"
EndProject
Project("{FAE04EC0-301F-11D3-BF4B-00C04F79EFBC}") = "BS.Stock", "src\BS.Stock\BS.Stock.csproj", "{CC600BB1-AEA6-46D8-8645-3C43B547922D}"
EndProject
Global
	GlobalSection(SolutionConfigurationPlatforms) = preSolution
		Debug|Any CPU = Debug|Any CPU
		Release|Any CPU = Release|Any CPU
	EndGlobalSection
	GlobalSection(NestedProjects) = preSolution
		{2CE32663-2DB0-4202-B026-0EBCA604F9A8} = {34C3460A-5CE8-4976-A66A-561CB316F73A}
		{0537D746-B3A8-462D-8FB9-A4DFAC78591E} = {2CE32663-2DB0-4202-B026-0EBCA604F9A8}
		{F514ABC8-5E1B-475D-B76B-FA95B7A45BAE} = {34C3460A-5CE8-4976-A66A-561CB316F73A}
		{B0197336-2C9A-4100-B1F8-3DFB6D8C9914} = {F514ABC8-5E1B-475D-B76B-FA95B7A45BAE}
		{1254C56E-FD8B-424D-9FC3-D91A42329BB6} = {34C3460A-5CE8-4976-A66A-561CB316F73A}
		{CC600BB1-AEA6-46D8-8645-3C43B547922D} = {1254C56E-FD8B-424D-9FC3-D91A42329BB6}
	EndGlobalSection
	GlobalSection(ProjectConfigurationPlatforms) = postSolution
		{0537D746-B3A8-462D-8FB9-A4DFAC78591E}.Debug|Any CPU.ActiveCfg = Debug|Any CPU
		{0537D746-B3A8-462D-8FB9-A4DFAC78591E}.Debug|Any CPU.Build.0 = Debug|Any CPU
		{0537D746-B3A8-462D-8FB9-A4DFAC78591E}.Release|Any CPU.ActiveCfg = Release|Any CPU
		{0537D746-B3A8-462D-8FB9-A4DFAC78591E}.Release|Any CPU.Build.0 = Release|Any CPU
		{B0197336-2C9A-4100-B1F8-3DFB6D8C9914}.Debug|Any CPU.ActiveCfg = Debug|Any CPU
		{B0197336-2C9A-4100-B1F8-3DFB6D8C9914}.Debug|Any CPU.Build.0 = Debug|Any CPU
		{B0197336-2C9A-4100-B1F8-3DFB6D8C9914}.Release|Any CPU.ActiveCfg = Release|Any CPU
		{B0197336-2C9A-4100-B1F8-3DFB6D8C9914}.Release|Any CPU.Build.0 = Release|Any CPU
		{CC600BB1-AEA6-46D8-8645-3C43B547922D}.Debug|Any CPU.ActiveCfg = Debug|Any CPU
		{CC600BB1-AEA6-46D8-8645-3C43B547922D}.Debug|Any CPU.Build.0 = Debug|Any CPU
		{CC600BB1-AEA6-46D8-8645-3C43B547922D}.Release|Any CPU.ActiveCfg = Release|Any CPU
		{CC600BB1-AEA6-46D8-8645-3C43B547922D}.Release|Any CPU.Build.0 = Release|Any CPU
	EndGlobalSection
EndGlobal
